
Microsoft Visual Studio Solution File, Format Version 12.00
# Visual Studio Version 17
VisualStudioVersion = 17.14.36518.9 d17.14
MinimumVisualStudioVersion = 10.0.40219.1
Project("{FAE04EC0-301F-11D3-BF4B-00C04F79EFBC}") = "PlayerWalletAPI", "PlayerWalletAPI\PlayerWalletAPI.csproj", "{5A918534-C26E-4223-AF48-674C3AB134E6}"
EndProject
Project("{FAE04EC0-301F-11D3-BF4B-00C04F79EFBC}") = "PlayerWalletAPI.Tests", "PlayerWalletAPI.Tests\PlayerWalletAPI.Tests.csproj", "{37110E37-3F81-3DA3-A2BC-2C6C8BF2D471}"
EndProject
Global
	GlobalSection(SolutionConfigurationPlatforms) = preSolution
		Debug|Any CPU = Debug|Any CPU
		Release|Any CPU = Release|Any CPU
	EndGlobalSection
	GlobalSection(ProjectConfigurationPlatforms) = postSolution
		{5A918534-C26E-4223-AF48-674C3AB134E6}.Debug|Any CPU.ActiveCfg = Debug|Any CPU
		{5A918534-C26E-4223-AF48-674C3AB134E6}.Debug|Any CPU.Build.0 = Debug|Any CPU
		{5A918534-C26E-4223-AF48-674C3AB134E6}.Release|Any CPU.ActiveCfg = Release|Any CPU
		{5A918534-C26E-4223-AF48-674C3AB134E6}.Release|Any CPU.Build.0 = Release|Any CPU
		{37110E37-3F81-3DA3-A2BC-2C6C8BF2D471}.Debug|Any CPU.ActiveCfg = Debug|Any CPU
		{37110E37-3F81-3DA3-A2BC-2C6C8BF2D471}.Debug|Any CPU.Build.0 = Debug|Any CPU
		{37110E37-3F81-3DA3-A2BC-2C6C8BF2D471}.Release|Any CPU.ActiveCfg = Release|Any CPU
		{37110E37-3F81-3DA3-A2BC-2C6C8BF2D471}.Release|Any CPU.Build.0 = Release|Any CPU
	EndGlobalSection
	GlobalSection(SolutionProperties) = preSolution
		HideSolutionNode = FALSE
	EndGlobalSection
	GlobalSection(ExtensibilityGlobals) = postSolution
		SolutionGuid = {288D97AF-12EF-4153-B508-07097B9E7198}
	EndGlobalSection
EndGlobal
